
Microsoft Visual Studio Solution File, Format Version 12.00
# Visual Studio Version 16
VisualStudioVersion = 16.0.31702.278
MinimumVisualStudioVersion = 10.0.40219.1
Project("{9A19103F-16F7-4668-BE54-9A1E7A4F7556}") = "PieceOfSalami", "PieceOfSalami\PieceOfSalami.csproj", "{2079C2BE-B4AB-4252-AEDE-E6B56A7C0760}"
EndProject
Project("{FAE04EC0-301F-11D3-BF4B-00C04F79EFBC}") = "ADO.NET DemoApp", "ADO.NET DemoApp\ADO.NET DemoApp.csproj", "{6456AD3D-1D19-4AF6-A50D-8DBE68E42DC4}"
EndProject
Global
	GlobalSection(SolutionConfigurationPlatforms) = preSolution
		Debug|Any CPU = Debug|Any CPU
		Release|Any CPU = Release|Any CPU
	EndGlobalSection
	GlobalSection(ProjectConfigurationPlatforms) = postSolution
		{2079C2BE-B4AB-4252-AEDE-E6B56A7C0760}.Debug|Any CPU.ActiveCfg = Debug|Any CPU
		{2079C2BE-B4AB-4252-AEDE-E6B56A7C0760}.Debug|Any CPU.Build.0 = Debug|Any CPU
		{2079C2BE-B4AB-4252-AEDE-E6B56A7C0760}.Release|Any CPU.ActiveCfg = Release|Any CPU
		{2079C2BE-B4AB-4252-AEDE-E6B56A7C0760}.Release|Any CPU.Build.0 = Release|Any CPU
		{6456AD3D-1D19-4AF6-A50D-8DBE68E42DC4}.Debug|Any CPU.ActiveCfg = Debug|Any CPU
		{6456AD3D-1D19-4AF6-A50D-8DBE68E42DC4}.Debug|Any CPU.Build.0 = Debug|Any CPU
		{6456AD3D-1D19-4AF6-A50D-8DBE68E42DC4}.Release|Any CPU.ActiveCfg = Release|Any CPU
		{6456AD3D-1D19-4AF6-A50D-8DBE68E42DC4}.Release|Any CPU.Build.0 = Release|Any CPU
	EndGlobalSection
	GlobalSection(SolutionProperties) = preSolution
		HideSolutionNode = FALSE
	EndGlobalSection
	GlobalSection(ExtensibilityGlobals) = postSolution
		SolutionGuid = {22BD9FDD-9305-47E7-98B2-5D8D6F17BD12}
	EndGlobalSection
EndGlobal
